
Microsoft Visual Studio Solution File, Format Version 12.00
# Visual Studio Version 16
VisualStudioVersion = 16.0.30717.126
MinimumVisualStudioVersion = 10.0.40219.1
Project("{9A19103F-16F7-4668-BE54-9A1E7A4F7556}") = "Assignment", "Assignment.csproj", "{EF9CA5FB-E65D-48AC-89A4-B184EA473E66}"
EndProject
Global
	GlobalSection(SolutionConfigurationPlatforms) = preSolution
		Debug|Any CPU = Debug|Any CPU
		Release|Any CPU = Release|Any CPU
	EndGlobalSection
	GlobalSection(ProjectConfigurationPlatforms) = postSolution
		{EF9CA5FB-E65D-48AC-89A4-B184EA473E66}.Debug|Any CPU.ActiveCfg = Debug|Any CPU
		{EF9CA5FB-E65D-48AC-89A4-B184EA473E66}.Debug|Any CPU.Build.0 = Debug|Any CPU
		{EF9CA5FB-E65D-48AC-89A4-B184EA473E66}.Release|Any CPU.ActiveCfg = Release|Any CPU
		{EF9CA5FB-E65D-48AC-89A4-B184EA473E66}.Release|Any CPU.Build.0 = Release|Any CPU
	EndGlobalSection
	GlobalSection(SolutionProperties) = preSolution
		HideSolutionNode = FALSE
	EndGlobalSection
	GlobalSection(ExtensibilityGlobals) = postSolution
		SolutionGuid = {52E7A64E-EE74-4575-B809-E00E1C2F9E89}
	EndGlobalSection
EndGlobal
