
Microsoft Visual Studio Solution File, Format Version 12.00
# Visual Studio Version 16
VisualStudioVersion = 16.0.31605.320
MinimumVisualStudioVersion = 10.0.40219.1
Project("{FAE04EC0-301F-11D3-BF4B-00C04F79EFBC}") = "ConsoleApp2", "ConsoleApp2\ConsoleApp2.csproj", "{5CA6C597-39E2-43C4-BEDC-58E9E350CCBB}"
EndProject
Global
	GlobalSection(SolutionConfigurationPlatforms) = preSolution
		Debug|Any CPU = Debug|Any CPU
		Release|Any CPU = Release|Any CPU
	EndGlobalSection
	GlobalSection(ProjectConfigurationPlatforms) = postSolution
		{5CA6C597-39E2-43C4-BEDC-58E9E350CCBB}.Debug|Any CPU.ActiveCfg = Debug|Any CPU
		{5CA6C597-39E2-43C4-BEDC-58E9E350CCBB}.Debug|Any CPU.Build.0 = Debug|Any CPU
		{5CA6C597-39E2-43C4-BEDC-58E9E350CCBB}.Release|Any CPU.ActiveCfg = Release|Any CPU
		{5CA6C597-39E2-43C4-BEDC-58E9E350CCBB}.Release|Any CPU.Build.0 = Release|Any CPU
	EndGlobalSection
	GlobalSection(SolutionProperties) = preSolution
		HideSolutionNode = FALSE
	EndGlobalSection
	GlobalSection(ExtensibilityGlobals) = postSolution
		SolutionGuid = {1CB62A1F-89E1-4AE5-9CAC-BADC2BAB60C7}
	EndGlobalSection
EndGlobal
