
Microsoft Visual Studio Solution File, Format Version 12.00
# Visual Studio Version 16
VisualStudioVersion = 16.0.810.6
MinimumVisualStudioVersion = 10.0.40219.1
Project("{FAE04EC0-301F-11D3-BF4B-00C04F79EFBC}") = "Lesson1-Bai1", "Lesson1-Bai1.csproj", "{866D988C-0575-44D9-8A5A-85B303C89881}"
EndProject
Global
	GlobalSection(SolutionConfigurationPlatforms) = preSolution
		Debug|Any CPU = Debug|Any CPU
		Release|Any CPU = Release|Any CPU
	EndGlobalSection
	GlobalSection(ProjectConfigurationPlatforms) = postSolution
		{866D988C-0575-44D9-8A5A-85B303C89881}.Debug|Any CPU.ActiveCfg = Debug|Any CPU
		{866D988C-0575-44D9-8A5A-85B303C89881}.Debug|Any CPU.Build.0 = Debug|Any CPU
		{866D988C-0575-44D9-8A5A-85B303C89881}.Release|Any CPU.ActiveCfg = Release|Any CPU
		{866D988C-0575-44D9-8A5A-85B303C89881}.Release|Any CPU.Build.0 = Release|Any CPU
	EndGlobalSection
	GlobalSection(SolutionProperties) = preSolution
		HideSolutionNode = FALSE
	EndGlobalSection
	GlobalSection(ExtensibilityGlobals) = postSolution
		SolutionGuid = {21B6E6AE-6518-49BC-B4A6-F049ACBD3B0A}
	EndGlobalSection
EndGlobal
