
Microsoft Visual Studio Solution File, Format Version 12.00
# Visual Studio Version 16
VisualStudioVersion = 16.0.31605.320
MinimumVisualStudioVersion = 10.0.40219.1
Project("{FAE04EC0-301F-11D3-BF4B-00C04F79EFBC}") = "LearnCSharh10_9", "LearnCSharh10_9\LearnCSharh10_9.csproj", "{E4701E85-3FE5-4FA6-9000-CAA161B55F2E}"
EndProject
Global
	GlobalSection(SolutionConfigurationPlatforms) = preSolution
		Debug|Any CPU = Debug|Any CPU
		Release|Any CPU = Release|Any CPU
	EndGlobalSection
	GlobalSection(ProjectConfigurationPlatforms) = postSolution
		{E4701E85-3FE5-4FA6-9000-CAA161B55F2E}.Debug|Any CPU.ActiveCfg = Debug|Any CPU
		{E4701E85-3FE5-4FA6-9000-CAA161B55F2E}.Debug|Any CPU.Build.0 = Debug|Any CPU
		{E4701E85-3FE5-4FA6-9000-CAA161B55F2E}.Release|Any CPU.ActiveCfg = Release|Any CPU
		{E4701E85-3FE5-4FA6-9000-CAA161B55F2E}.Release|Any CPU.Build.0 = Release|Any CPU
	EndGlobalSection
	GlobalSection(SolutionProperties) = preSolution
		HideSolutionNode = FALSE
	EndGlobalSection
	GlobalSection(ExtensibilityGlobals) = postSolution
		SolutionGuid = {1FC08178-6D1D-4D80-820E-B2D930410481}
	EndGlobalSection
EndGlobal
