
Microsoft Visual Studio Solution File, Format Version 12.00
# Visual Studio Version 16
VisualStudioVersion = 16.0.810.6
MinimumVisualStudioVersion = 10.0.40219.1
Project("{FAE04EC0-301F-11D3-BF4B-00C04F79EFBC}") = "Lesson1-Bai3", "Lesson1-Bai3\Lesson1-Bai3.csproj", "{2A40D088-8B1D-44E6-A51F-F8B6709045C2}"
EndProject
Global
	GlobalSection(SolutionConfigurationPlatforms) = preSolution
		Debug|Any CPU = Debug|Any CPU
		Release|Any CPU = Release|Any CPU
	EndGlobalSection
	GlobalSection(ProjectConfigurationPlatforms) = postSolution
		{2A40D088-8B1D-44E6-A51F-F8B6709045C2}.Debug|Any CPU.ActiveCfg = Debug|Any CPU
		{2A40D088-8B1D-44E6-A51F-F8B6709045C2}.Debug|Any CPU.Build.0 = Debug|Any CPU
		{2A40D088-8B1D-44E6-A51F-F8B6709045C2}.Release|Any CPU.ActiveCfg = Release|Any CPU
		{2A40D088-8B1D-44E6-A51F-F8B6709045C2}.Release|Any CPU.Build.0 = Release|Any CPU
	EndGlobalSection
	GlobalSection(SolutionProperties) = preSolution
		HideSolutionNode = FALSE
	EndGlobalSection
	GlobalSection(ExtensibilityGlobals) = postSolution
		SolutionGuid = {340A55DF-720D-43D3-AE3B-0030F2BEE3B7}
	EndGlobalSection
EndGlobal
