
Microsoft Visual Studio Solution File, Format Version 12.00
# Visual Studio Version 16
VisualStudioVersion = 16.0.31605.320
MinimumVisualStudioVersion = 10.0.40219.1
Project("{FAE04EC0-301F-11D3-BF4B-00C04F79EFBC}") = "Generic", "Generic\Generic.csproj", "{1E4A9A00-1C42-4C56-945D-EF93397D074D}"
EndProject
Global
	GlobalSection(SolutionConfigurationPlatforms) = preSolution
		Debug|Any CPU = Debug|Any CPU
		Release|Any CPU = Release|Any CPU
	EndGlobalSection
	GlobalSection(ProjectConfigurationPlatforms) = postSolution
		{1E4A9A00-1C42-4C56-945D-EF93397D074D}.Debug|Any CPU.ActiveCfg = Debug|Any CPU
		{1E4A9A00-1C42-4C56-945D-EF93397D074D}.Debug|Any CPU.Build.0 = Debug|Any CPU
		{1E4A9A00-1C42-4C56-945D-EF93397D074D}.Release|Any CPU.ActiveCfg = Release|Any CPU
		{1E4A9A00-1C42-4C56-945D-EF93397D074D}.Release|Any CPU.Build.0 = Release|Any CPU
	EndGlobalSection
	GlobalSection(SolutionProperties) = preSolution
		HideSolutionNode = FALSE
	EndGlobalSection
	GlobalSection(ExtensibilityGlobals) = postSolution
		SolutionGuid = {C288B9F0-EC47-4BD8-AC8A-17C000CCB1C9}
	EndGlobalSection
EndGlobal
